// !$*UTF8*$!
{
	archiveVersion = 1;
	classes = {
	};
	objectVersion = 55;
	objects = {

/* Begin PBXBuildFile section */
		08015993285E5D3600B6652D /* BaseCoordinator.swift in Sources */ = {isa = PBXBuildFile; fileRef = 08015992285E5D3600B6652D /* BaseCoordinator.swift */; };
		08015996285E5E8500B6652D /* MainScreenCoordinator.swift in Sources */ = {isa = PBXBuildFile; fileRef = 08015995285E5E8500B6652D /* MainScreenCoordinator.swift */; };
		08015998285E5EE400B6652D /* PlaylistsViewModel.swift in Sources */ = {isa = PBXBuildFile; fileRef = 08015997285E5EE400B6652D /* PlaylistsViewModel.swift */; };
		0801599E285E7A7600B6652D /* AppConfigurator.swift in Sources */ = {isa = PBXBuildFile; fileRef = 0801599D285E7A7600B6652D /* AppConfigurator.swift */; };
		080159A0285E7FC900B6652D /* BaseViewController.swift in Sources */ = {isa = PBXBuildFile; fileRef = 0801599F285E7FC900B6652D /* BaseViewController.swift */; };
		080159A2285EA41C00B6652D /* PlaylistsCollectionViewAdapter.swift in Sources */ = {isa = PBXBuildFile; fileRef = 080159A1285EA41C00B6652D /* PlaylistsCollectionViewAdapter.swift */; };
		080159A7285EA93A00B6652D /* PlaylistCollectionViewCell.swift in Sources */ = {isa = PBXBuildFile; fileRef = 080159A6285EA93A00B6652D /* PlaylistCollectionViewCell.swift */; };
		080159AA285EAAC000B6652D /* Kingfisher in Frameworks */ = {isa = PBXBuildFile; productRef = 080159A9285EAAC000B6652D /* Kingfisher */; };
		080159B0285F445400B6652D /* SpotifyHeaderView.swift in Sources */ = {isa = PBXBuildFile; fileRef = 080159AF285F445400B6652D /* SpotifyHeaderView.swift */; };
		080159B3285F51AD00B6652D /* PlaylistDetailsViewController.swift in Sources */ = {isa = PBXBuildFile; fileRef = 080159B2285F51AC00B6652D /* PlaylistDetailsViewController.swift */; };
		080159B6285F51E200B6652D /* SongTableViewCell.swift in Sources */ = {isa = PBXBuildFile; fileRef = 080159B5285F51E200B6652D /* SongTableViewCell.swift */; };
		080159B8285F532900B6652D /* PlaylistDetailsViewModel.swift in Sources */ = {isa = PBXBuildFile; fileRef = 080159B7285F532900B6652D /* PlaylistDetailsViewModel.swift */; };
		080159BA285FA1CA00B6652D /* PlaylistDetailsTableViewAdapter.swift in Sources */ = {isa = PBXBuildFile; fileRef = 080159B9285FA1CA00B6652D /* PlaylistDetailsTableViewAdapter.swift */; };
		080159BF285FDAB300B6652D /* PlayerViewController.swift in Sources */ = {isa = PBXBuildFile; fileRef = 080159BE285FDAB300B6652D /* PlayerViewController.swift */; };
		080159C2285FE0D700B6652D /* Lottie in Frameworks */ = {isa = PBXBuildFile; productRef = 080159C1285FE0D700B6652D /* Lottie */; };
		080159C5285FE10C00B6652D /* musicLoading.json in Resources */ = {isa = PBXBuildFile; fileRef = 080159C4285FE10C00B6652D /* musicLoading.json */; };
		080159C7285FE30300B6652D /* PlayerViewModel.swift in Sources */ = {isa = PBXBuildFile; fileRef = 080159C6285FE30300B6652D /* PlayerViewModel.swift */; };
		089A5231285E243F00699224 /* RxAlamofire in Frameworks */ = {isa = PBXBuildFile; productRef = 089A5230285E243F00699224 /* RxAlamofire */; };
		089A5234285E249A00699224 /* RealmSwift in Frameworks */ = {isa = PBXBuildFile; productRef = 089A5233285E249A00699224 /* RealmSwift */; };
		089A5237285E545200699224 /* UIColor+Extension.swift in Sources */ = {isa = PBXBuildFile; fileRef = 089A5236285E545200699224 /* UIColor+Extension.swift */; };
		1DA1D05641F96DB8D30D42C9 /* SpotifyModels.swift in Sources */ = {isa = PBXBuildFile; fileRef = 1DA1D5B2FC65E613C582315C /* SpotifyModels.swift */; };
		1DA1D6ED348365AEA4948D2D /* README.md in Sources */ = {isa = PBXBuildFile; fileRef = 1DA1D6AE6C08C390665693F9 /* README.md */; };
		1DA1D915E38A2CCF6F832007 /* .gitignore in Resources */ = {isa = PBXBuildFile; fileRef = 1DA1DF36C8CA1261F3560574 /* .gitignore */; };
		1DA1DAC8D0AFA99D693F6103 /* RealmProvider.swift in Sources */ = {isa = PBXBuildFile; fileRef = 1DA1DB71516545CBDB064DDF /* RealmProvider.swift */; };
		1DA1DCBFFA07100A5246531D /* SpotifyApi.swift in Sources */ = {isa = PBXBuildFile; fileRef = 1DA1D87128A167C889BC813E /* SpotifyApi.swift */; };
		1DA1DF8D27C77EBA5B9A4F08 /* Constants.swift in Sources */ = {isa = PBXBuildFile; fileRef = 1DA1DE45D33BB5DA124ACFEB /* Constants.swift */; };
		76EF1D202853920700D5E2FB /* AppDelegate.swift in Sources */ = {isa = PBXBuildFile; fileRef = 76EF1D1F2853920700D5E2FB /* AppDelegate.swift */; };
		76EF1D222853920700D5E2FB /* SceneDelegate.swift in Sources */ = {isa = PBXBuildFile; fileRef = 76EF1D212853920700D5E2FB /* SceneDelegate.swift */; };
		76EF1D242853920700D5E2FB /* PlaylistsViewController.swift in Sources */ = {isa = PBXBuildFile; fileRef = 76EF1D232853920700D5E2FB /* PlaylistsViewController.swift */; };
		76EF1D272853920700D5E2FB /* Main.storyboard in Resources */ = {isa = PBXBuildFile; fileRef = 76EF1D252853920700D5E2FB /* Main.storyboard */; };
		76EF1D292853920800D5E2FB /* Assets.xcassets in Resources */ = {isa = PBXBuildFile; fileRef = 76EF1D282853920800D5E2FB /* Assets.xcassets */; };
		76EF1D2C2853920800D5E2FB /* LaunchScreen.storyboard in Resources */ = {isa = PBXBuildFile; fileRef = 76EF1D2A2853920800D5E2FB /* LaunchScreen.storyboard */; };
/* End PBXBuildFile section */

/* Begin PBXFileReference section */
		08015992285E5D3600B6652D /* BaseCoordinator.swift */ = {isa = PBXFileReference; lastKnownFileType = sourcecode.swift; path = BaseCoordinator.swift; sourceTree = "<group>"; };
		08015995285E5E8500B6652D /* MainScreenCoordinator.swift */ = {isa = PBXFileReference; lastKnownFileType = sourcecode.swift; path = MainScreenCoordinator.swift; sourceTree = "<group>"; };
		08015997285E5EE400B6652D /* PlaylistsViewModel.swift */ = {isa = PBXFileReference; lastKnownFileType = sourcecode.swift; path = PlaylistsViewModel.swift; sourceTree = "<group>"; };
		0801599D285E7A7600B6652D /* AppConfigurator.swift */ = {isa = PBXFileReference; lastKnownFileType = sourcecode.swift; path = AppConfigurator.swift; sourceTree = "<group>"; };
		0801599F285E7FC900B6652D /* BaseViewController.swift */ = {isa = PBXFileReference; lastKnownFileType = sourcecode.swift; path = BaseViewController.swift; sourceTree = "<group>"; };
		080159A1285EA41C00B6652D /* PlaylistsCollectionViewAdapter.swift */ = {isa = PBXFileReference; lastKnownFileType = sourcecode.swift; path = PlaylistsCollectionViewAdapter.swift; sourceTree = "<group>"; };
		080159A6285EA93A00B6652D /* PlaylistCollectionViewCell.swift */ = {isa = PBXFileReference; lastKnownFileType = sourcecode.swift; path = PlaylistCollectionViewCell.swift; sourceTree = "<group>"; };
		080159AF285F445400B6652D /* SpotifyHeaderView.swift */ = {isa = PBXFileReference; lastKnownFileType = sourcecode.swift; path = SpotifyHeaderView.swift; sourceTree = "<group>"; };
		080159B2285F51AC00B6652D /* PlaylistDetailsViewController.swift */ = {isa = PBXFileReference; lastKnownFileType = sourcecode.swift; path = PlaylistDetailsViewController.swift; sourceTree = "<group>"; };
		080159B5285F51E200B6652D /* SongTableViewCell.swift */ = {isa = PBXFileReference; lastKnownFileType = sourcecode.swift; path = SongTableViewCell.swift; sourceTree = "<group>"; };
		080159B7285F532900B6652D /* PlaylistDetailsViewModel.swift */ = {isa = PBXFileReference; lastKnownFileType = sourcecode.swift; path = PlaylistDetailsViewModel.swift; sourceTree = "<group>"; };
		080159B9285FA1CA00B6652D /* PlaylistDetailsTableViewAdapter.swift */ = {isa = PBXFileReference; lastKnownFileType = sourcecode.swift; path = PlaylistDetailsTableViewAdapter.swift; sourceTree = "<group>"; };
		080159BE285FDAB300B6652D /* PlayerViewController.swift */ = {isa = PBXFileReference; lastKnownFileType = sourcecode.swift; path = PlayerViewController.swift; sourceTree = "<group>"; };
		080159C4285FE10C00B6652D /* musicLoading.json */ = {isa = PBXFileReference; fileEncoding = 4; lastKnownFileType = text.json; path = musicLoading.json; sourceTree = "<group>"; };
		080159C6285FE30300B6652D /* PlayerViewModel.swift */ = {isa = PBXFileReference; lastKnownFileType = sourcecode.swift; path = PlayerViewModel.swift; sourceTree = "<group>"; };
		089A5236285E545200699224 /* UIColor+Extension.swift */ = {isa = PBXFileReference; lastKnownFileType = sourcecode.swift; path = "UIColor+Extension.swift"; sourceTree = "<group>"; };
		1DA1D5B2FC65E613C582315C /* SpotifyModels.swift */ = {isa = PBXFileReference; fileEncoding = 4; lastKnownFileType = sourcecode.swift; path = SpotifyModels.swift; sourceTree = "<group>"; };
		1DA1D6AE6C08C390665693F9 /* README.md */ = {isa = PBXFileReference; fileEncoding = 4; lastKnownFileType = net.daringfireball.markdown; path = README.md; sourceTree = "<group>"; };
		1DA1D87128A167C889BC813E /* SpotifyApi.swift */ = {isa = PBXFileReference; fileEncoding = 4; lastKnownFileType = sourcecode.swift; path = SpotifyApi.swift; sourceTree = "<group>"; };
		1DA1DB71516545CBDB064DDF /* RealmProvider.swift */ = {isa = PBXFileReference; fileEncoding = 4; lastKnownFileType = sourcecode.swift; path = RealmProvider.swift; sourceTree = "<group>"; };
		1DA1DE45D33BB5DA124ACFEB /* Constants.swift */ = {isa = PBXFileReference; fileEncoding = 4; lastKnownFileType = sourcecode.swift; path = Constants.swift; sourceTree = "<group>"; };
		1DA1DF36C8CA1261F3560574 /* .gitignore */ = {isa = PBXFileReference; lastKnownFileType = file.gitignore; path = .gitignore; sourceTree = "<group>"; };
		76EF1D1C2853920700D5E2FB /* Task iOS.app */ = {isa = PBXFileReference; explicitFileType = wrapper.application; includeInIndex = 0; path = "Task iOS.app"; sourceTree = BUILT_PRODUCTS_DIR; };
		76EF1D1F2853920700D5E2FB /* AppDelegate.swift */ = {isa = PBXFileReference; lastKnownFileType = sourcecode.swift; path = AppDelegate.swift; sourceTree = "<group>"; };
		76EF1D212853920700D5E2FB /* SceneDelegate.swift */ = {isa = PBXFileReference; lastKnownFileType = sourcecode.swift; path = SceneDelegate.swift; sourceTree = "<group>"; };
		76EF1D232853920700D5E2FB /* PlaylistsViewController.swift */ = {isa = PBXFileReference; lastKnownFileType = sourcecode.swift; path = PlaylistsViewController.swift; sourceTree = "<group>"; };
		76EF1D262853920700D5E2FB /* Base */ = {isa = PBXFileReference; lastKnownFileType = file.storyboard; name = Base; path = Base.lproj/Main.storyboard; sourceTree = "<group>"; };
		76EF1D282853920800D5E2FB /* Assets.xcassets */ = {isa = PBXFileReference; lastKnownFileType = folder.assetcatalog; path = Assets.xcassets; sourceTree = "<group>"; };
		76EF1D2B2853920800D5E2FB /* Base */ = {isa = PBXFileReference; lastKnownFileType = file.storyboard; name = Base; path = Base.lproj/LaunchScreen.storyboard; sourceTree = "<group>"; };
		76EF1D2D2853920800D5E2FB /* Info.plist */ = {isa = PBXFileReference; lastKnownFileType = text.plist.xml; path = Info.plist; sourceTree = "<group>"; };
/* End PBXFileReference section */

/* Begin PBXFrameworksBuildPhase section */
		76EF1D192853920700D5E2FB /* Frameworks */ = {
			isa = PBXFrameworksBuildPhase;
			buildActionMask = 2147483647;
			files = (
				080159AA285EAAC000B6652D /* Kingfisher in Frameworks */,
				089A5234285E249A00699224 /* RealmSwift in Frameworks */,
				089A5231285E243F00699224 /* RxAlamofire in Frameworks */,
				080159C2285FE0D700B6652D /* Lottie in Frameworks */,
			);
			runOnlyForDeploymentPostprocessing = 0;
		};
/* End PBXFrameworksBuildPhase section */

/* Begin PBXGroup section */
		08015994285E5E7000B6652D /* Main */ = {
			isa = PBXGroup;
			children = (
				08015995285E5E8500B6652D /* MainScreenCoordinator.swift */,
				76EF1D252853920700D5E2FB /* Main.storyboard */,
			);
			path = Main;
			sourceTree = "<group>";
		};
		080159A3285EA8F000B6652D /* CollectionView */ = {
			isa = PBXGroup;
			children = (
				080159A1285EA41C00B6652D /* PlaylistsCollectionViewAdapter.swift */,
				080159AF285F445400B6652D /* SpotifyHeaderView.swift */,
				080159A6285EA93A00B6652D /* PlaylistCollectionViewCell.swift */,
			);
			path = CollectionView;
			sourceTree = "<group>";
		};
		080159B1285F4B4A00B6652D /* PlaylistDetails */ = {
			isa = PBXGroup;
			children = (
				080159B2285F51AC00B6652D /* PlaylistDetailsViewController.swift */,
				080159B7285F532900B6652D /* PlaylistDetailsViewModel.swift */,
				080159B4285F51C600B6652D /* TableView */,
			);
			path = PlaylistDetails;
			sourceTree = "<group>";
		};
		080159B4285F51C600B6652D /* TableView */ = {
			isa = PBXGroup;
			children = (
				080159B5285F51E200B6652D /* SongTableViewCell.swift */,
				080159B9285FA1CA00B6652D /* PlaylistDetailsTableViewAdapter.swift */,
			);
			path = TableView;
			sourceTree = "<group>";
		};
		080159BD285FDA1800B6652D /* PlayerScreen */ = {
			isa = PBXGroup;
			children = (
				080159BE285FDAB300B6652D /* PlayerViewController.swift */,
				080159C6285FE30300B6652D /* PlayerViewModel.swift */,
			);
			path = PlayerScreen;
			sourceTree = "<group>";
		};
		080159C3285FE0EB00B6652D /* Resourses */ = {
			isa = PBXGroup;
			children = (
				080159C4285FE10C00B6652D /* musicLoading.json */,
				76EF1D282853920800D5E2FB /* Assets.xcassets */,
			);
			path = Resourses;
			sourceTree = "<group>";
		};
		089A5235285E543B00699224 /* Extensions */ = {
			isa = PBXGroup;
			children = (
				089A5236285E545200699224 /* UIColor+Extension.swift */,
			);
			path = Extensions;
			sourceTree = "<group>";
		};
		089A5238285E5BBF00699224 /* Base */ = {
			isa = PBXGroup;
			children = (
				76EF1D1F2853920700D5E2FB /* AppDelegate.swift */,
				76EF1D212853920700D5E2FB /* SceneDelegate.swift */,
				08015992285E5D3600B6652D /* BaseCoordinator.swift */,
				0801599D285E7A7600B6652D /* AppConfigurator.swift */,
				0801599F285E7FC900B6652D /* BaseViewController.swift */,
			);
			path = Base;
			sourceTree = "<group>";
		};
		089A523A285E5BCF00699224 /* ListOfPlaylists */ = {
			isa = PBXGroup;
			children = (
				76EF1D232853920700D5E2FB /* PlaylistsViewController.swift */,
				08015997285E5EE400B6652D /* PlaylistsViewModel.swift */,
				080159A3285EA8F000B6652D /* CollectionView */,
			);
			path = ListOfPlaylists;
			sourceTree = "<group>";
		};
		1DA1D34A0D64BD658F106681 /* Models */ = {
			isa = PBXGroup;
			children = (
				1DA1D5B2FC65E613C582315C /* SpotifyModels.swift */,
			);
			path = Models;
			sourceTree = "<group>";
		};
		1DA1D57D3095DA5793DF74BF /* Services */ = {
			isa = PBXGroup;
			children = (
				1DA1D87128A167C889BC813E /* SpotifyApi.swift */,
				1DA1DB71516545CBDB064DDF /* RealmProvider.swift */,
			);
			path = Services;
			sourceTree = "<group>";
		};
		76EF1D132853920700D5E2FB = {
			isa = PBXGroup;
			children = (
				76EF1D1E2853920700D5E2FB /* Task iOS */,
				76EF1D1D2853920700D5E2FB /* Products */,
				1DA1DF36C8CA1261F3560574 /* .gitignore */,
				1DA1D6AE6C08C390665693F9 /* README.md */,
			);
			sourceTree = "<group>";
		};
		76EF1D1D2853920700D5E2FB /* Products */ = {
			isa = PBXGroup;
			children = (
				76EF1D1C2853920700D5E2FB /* Task iOS.app */,
			);
			name = Products;
			sourceTree = "<group>";
		};
		76EF1D1E2853920700D5E2FB /* Task iOS */ = {
			isa = PBXGroup;
			children = (
				089A5235285E543B00699224 /* Extensions */,
				089A5238285E5BBF00699224 /* Base */,
				089A523A285E5BCF00699224 /* ListOfPlaylists */,
				080159B1285F4B4A00B6652D /* PlaylistDetails */,
				080159BD285FDA1800B6652D /* PlayerScreen */,
				08015994285E5E7000B6652D /* Main */,
				080159C3285FE0EB00B6652D /* Resourses */,
				76EF1D2A2853920800D5E2FB /* LaunchScreen.storyboard */,
				76EF1D2D2853920800D5E2FB /* Info.plist */,
				1DA1DE45D33BB5DA124ACFEB /* Constants.swift */,
				1DA1D57D3095DA5793DF74BF /* Services */,
				1DA1D34A0D64BD658F106681 /* Models */,
			);
			path = "Task iOS";
			sourceTree = "<group>";
		};
/* End PBXGroup section */

/* Begin PBXNativeTarget section */
		76EF1D1B2853920700D5E2FB /* Task iOS */ = {
			isa = PBXNativeTarget;
			buildConfigurationList = 76EF1D302853920800D5E2FB /* Build configuration list for PBXNativeTarget "Task iOS" */;
			buildPhases = (
				76EF1D182853920700D5E2FB /* Sources */,
				76EF1D192853920700D5E2FB /* Frameworks */,
				76EF1D1A2853920700D5E2FB /* Resources */,
			);
			buildRules = (
			);
			dependencies = (
			);
			name = "Task iOS";
			packageProductDependencies = (
				089A5230285E243F00699224 /* RxAlamofire */,
				089A5233285E249A00699224 /* RealmSwift */,
				080159A9285EAAC000B6652D /* Kingfisher */,
				080159C1285FE0D700B6652D /* Lottie */,
			);
			productName = "Task iOS";
			productReference = 76EF1D1C2853920700D5E2FB /* Task iOS.app */;
			productType = "com.apple.product-type.application";
		};
/* End PBXNativeTarget section */

/* Begin PBXProject section */
		76EF1D142853920700D5E2FB /* Project object */ = {
			isa = PBXProject;
			attributes = {
				BuildIndependentTargetsInParallel = 1;
				LastSwiftUpdateCheck = 1340;
				LastUpgradeCheck = 1340;
				TargetAttributes = {
					76EF1D1B2853920700D5E2FB = {
						CreatedOnToolsVersion = 13.4.1;
					};
				};
			};
			buildConfigurationList = 76EF1D172853920700D5E2FB /* Build configuration list for PBXProject "Task iOS" */;
			compatibilityVersion = "Xcode 13.0";
			developmentRegion = en;
			hasScannedForEncodings = 0;
			knownRegions = (
				en,
				Base,
			);
			mainGroup = 76EF1D132853920700D5E2FB;
			packageReferences = (
				089A522F285E243F00699224 /* XCRemoteSwiftPackageReference "RxAlamofire" */,
				089A5232285E249A00699224 /* XCRemoteSwiftPackageReference "realm-swift" */,
				080159A8285EAABF00B6652D /* XCRemoteSwiftPackageReference "Kingfisher" */,
				080159C0285FE0D700B6652D /* XCRemoteSwiftPackageReference "lottie-ios" */,
			);
			productRefGroup = 76EF1D1D2853920700D5E2FB /* Products */;
			projectDirPath = "";
			projectRoot = "";
			targets = (
				76EF1D1B2853920700D5E2FB /* Task iOS */,
			);
		};
/* End PBXProject section */

/* Begin PBXResourcesBuildPhase section */
		76EF1D1A2853920700D5E2FB /* Resources */ = {
			isa = PBXResourcesBuildPhase;
			buildActionMask = 2147483647;
			files = (
				080159C5285FE10C00B6652D /* musicLoading.json in Resources */,
				76EF1D2C2853920800D5E2FB /* LaunchScreen.storyboard in Resources */,
				76EF1D292853920800D5E2FB /* Assets.xcassets in Resources */,
				76EF1D272853920700D5E2FB /* Main.storyboard in Resources */,
				1DA1D915E38A2CCF6F832007 /* .gitignore in Resources */,
			);
			runOnlyForDeploymentPostprocessing = 0;
		};
/* End PBXResourcesBuildPhase section */

/* Begin PBXSourcesBuildPhase section */
		76EF1D182853920700D5E2FB /* Sources */ = {
			isa = PBXSourcesBuildPhase;
			buildActionMask = 2147483647;
			files = (
				08015998285E5EE400B6652D /* PlaylistsViewModel.swift in Sources */,
				76EF1D242853920700D5E2FB /* PlaylistsViewController.swift in Sources */,
				76EF1D202853920700D5E2FB /* AppDelegate.swift in Sources */,
				080159B0285F445400B6652D /* SpotifyHeaderView.swift in Sources */,
				080159BA285FA1CA00B6652D /* PlaylistDetailsTableViewAdapter.swift in Sources */,
				76EF1D222853920700D5E2FB /* SceneDelegate.swift in Sources */,
				1DA1DF8D27C77EBA5B9A4F08 /* Constants.swift in Sources */,
				1DA1DCBFFA07100A5246531D /* SpotifyApi.swift in Sources */,
				08015993285E5D3600B6652D /* BaseCoordinator.swift in Sources */,
				080159BF285FDAB300B6652D /* PlayerViewController.swift in Sources */,
				1DA1D05641F96DB8D30D42C9 /* SpotifyModels.swift in Sources */,
				080159A7285EA93A00B6652D /* PlaylistCollectionViewCell.swift in Sources */,
				1DA1D6ED348365AEA4948D2D /* README.md in Sources */,
				080159B3285F51AD00B6652D /* PlaylistDetailsViewController.swift in Sources */,
				08015996285E5E8500B6652D /* MainScreenCoordinator.swift in Sources */,
				0801599E285E7A7600B6652D /* AppConfigurator.swift in Sources */,
				080159B6285F51E200B6652D /* SongTableViewCell.swift in Sources */,
				089A5237285E545200699224 /* UIColor+Extension.swift in Sources */,
				080159A2285EA41C00B6652D /* PlaylistsCollectionViewAdapter.swift in Sources */,
				080159C7285FE30300B6652D /* PlayerViewModel.swift in Sources */,
				080159B8285F532900B6652D /* PlaylistDetailsViewModel.swift in Sources */,
				080159A0285E7FC900B6652D /* BaseViewController.swift in Sources */,
				1DA1DAC8D0AFA99D693F6103 /* RealmProvider.swift in Sources */,
			);
			runOnlyForDeploymentPostprocessing = 0;
		};
/* End PBXSourcesBuildPhase section */

/* Begin PBXVariantGroup section */
		76EF1D252853920700D5E2FB /* Main.storyboard */ = {
			isa = PBXVariantGroup;
			children = (
				76EF1D262853920700D5E2FB /* Base */,
			);
			name = Main.storyboard;
			sourceTree = "<group>";
		};
		76EF1D2A2853920800D5E2FB /* LaunchScreen.storyboard */ = {
			isa = PBXVariantGroup;
			children = (
				76EF1D2B2853920800D5E2FB /* Base */,
			);
			name = LaunchScreen.storyboard;
			sourceTree = "<group>";
		};
/* End PBXVariantGroup section */

/* Begin XCBuildConfiguration section */
		76EF1D2E2853920800D5E2FB /* Debug */ = {
			isa = XCBuildConfiguration;
			buildSettings = {
				ALWAYS_SEARCH_USER_PATHS = NO;
				CLANG_ANALYZER_NONNULL = YES;
				CLANG_ANALYZER_NUMBER_OBJECT_CONVERSION = YES_AGGRESSIVE;
				CLANG_CXX_LANGUAGE_STANDARD = "gnu++17";
				CLANG_ENABLE_MODULES = YES;
				CLANG_ENABLE_OBJC_ARC = YES;
				CLANG_ENABLE_OBJC_WEAK = YES;
				CLANG_WARN_BLOCK_CAPTURE_AUTORELEASING = YES;
				CLANG_WARN_BOOL_CONVERSION = YES;
				CLANG_WARN_COMMA = YES;
				CLANG_WARN_CONSTANT_CONVERSION = YES;
				CLANG_WARN_DEPRECATED_OBJC_IMPLEMENTATIONS = YES;
				CLANG_WARN_DIRECT_OBJC_ISA_USAGE = YES_ERROR;
				CLANG_WARN_DOCUMENTATION_COMMENTS = YES;
				CLANG_WARN_EMPTY_BODY = YES;
				CLANG_WARN_ENUM_CONVERSION = YES;
				CLANG_WARN_INFINITE_RECURSION = YES;
				CLANG_WARN_INT_CONVERSION = YES;
				CLANG_WARN_NON_LITERAL_NULL_CONVERSION = YES;
				CLANG_WARN_OBJC_IMPLICIT_RETAIN_SELF = YES;
				CLANG_WARN_OBJC_LITERAL_CONVERSION = YES;
				CLANG_WARN_OBJC_ROOT_CLASS = YES_ERROR;
				CLANG_WARN_QUOTED_INCLUDE_IN_FRAMEWORK_HEADER = YES;
				CLANG_WARN_RANGE_LOOP_ANALYSIS = YES;
				CLANG_WARN_STRICT_PROTOTYPES = YES;
				CLANG_WARN_SUSPICIOUS_MOVE = YES;
				CLANG_WARN_UNGUARDED_AVAILABILITY = YES_AGGRESSIVE;
				CLANG_WARN_UNREACHABLE_CODE = YES;
				CLANG_WARN__DUPLICATE_METHOD_MATCH = YES;
				COPY_PHASE_STRIP = NO;
				DEBUG_INFORMATION_FORMAT = dwarf;
				ENABLE_STRICT_OBJC_MSGSEND = YES;
				ENABLE_TESTABILITY = YES;
				GCC_C_LANGUAGE_STANDARD = gnu11;
				GCC_DYNAMIC_NO_PIC = NO;
				GCC_NO_COMMON_BLOCKS = YES;
				GCC_OPTIMIZATION_LEVEL = 0;
				GCC_PREPROCESSOR_DEFINITIONS = (
					"DEBUG=1",
					"$(inherited)",
				);
				GCC_WARN_64_TO_32_BIT_CONVERSION = YES;
				GCC_WARN_ABOUT_RETURN_TYPE = YES_ERROR;
				GCC_WARN_UNDECLARED_SELECTOR = YES;
				GCC_WARN_UNINITIALIZED_AUTOS = YES_AGGRESSIVE;
				GCC_WARN_UNUSED_FUNCTION = YES;
				GCC_WARN_UNUSED_VARIABLE = YES;
				IPHONEOS_DEPLOYMENT_TARGET = 15.5;
				MTL_ENABLE_DEBUG_INFO = INCLUDE_SOURCE;
				MTL_FAST_MATH = YES;
				ONLY_ACTIVE_ARCH = YES;
				SDKROOT = iphoneos;
				SWIFT_ACTIVE_COMPILATION_CONDITIONS = DEBUG;
				SWIFT_OPTIMIZATION_LEVEL = "-Onone";
			};
			name = Debug;
		};
		76EF1D2F2853920800D5E2FB /* Release */ = {
			isa = XCBuildConfiguration;
			buildSettings = {
				ALWAYS_SEARCH_USER_PATHS = NO;
				CLANG_ANALYZER_NONNULL = YES;
				CLANG_ANALYZER_NUMBER_OBJECT_CONVERSION = YES_AGGRESSIVE;
				CLANG_CXX_LANGUAGE_STANDARD = "gnu++17";
				CLANG_ENABLE_MODULES = YES;
				CLANG_ENABLE_OBJC_ARC = YES;
				CLANG_ENABLE_OBJC_WEAK = YES;
				CLANG_WARN_BLOCK_CAPTURE_AUTORELEASING = YES;
				CLANG_WARN_BOOL_CONVERSION = YES;
				CLANG_WARN_COMMA = YES;
				CLANG_WARN_CONSTANT_CONVERSION = YES;
				CLANG_WARN_DEPRECATED_OBJC_IMPLEMENTATIONS = YES;
				CLANG_WARN_DIRECT_OBJC_ISA_USAGE = YES_ERROR;
				CLANG_WARN_DOCUMENTATION_COMMENTS = YES;
				CLANG_WARN_EMPTY_BODY = YES;
				CLANG_WARN_ENUM_CONVERSION = YES;
				CLANG_WARN_INFINITE_RECURSION = YES;
				CLANG_WARN_INT_CONVERSION = YES;
				CLANG_WARN_NON_LITERAL_NULL_CONVERSION = YES;
				CLANG_WARN_OBJC_IMPLICIT_RETAIN_SELF = YES;
				CLANG_WARN_OBJC_LITERAL_CONVERSION = YES;
				CLANG_WARN_OBJC_ROOT_CLASS = YES_ERROR;
				CLANG_WARN_QUOTED_INCLUDE_IN_FRAMEWORK_HEADER = YES;
				CLANG_WARN_RANGE_LOOP_ANALYSIS = YES;
				CLANG_WARN_STRICT_PROTOTYPES = YES;
				CLANG_WARN_SUSPICIOUS_MOVE = YES;
				CLANG_WARN_UNGUARDED_AVAILABILITY = YES_AGGRESSIVE;
				CLANG_WARN_UNREACHABLE_CODE = YES;
				CLANG_WARN__DUPLICATE_METHOD_MATCH = YES;
				COPY_PHASE_STRIP = NO;
				DEBUG_INFORMATION_FORMAT = "dwarf-with-dsym";
				ENABLE_NS_ASSERTIONS = NO;
				ENABLE_STRICT_OBJC_MSGSEND = YES;
				GCC_C_LANGUAGE_STANDARD = gnu11;
				GCC_NO_COMMON_BLOCKS = YES;
				GCC_WARN_64_TO_32_BIT_CONVERSION = YES;
				GCC_WARN_ABOUT_RETURN_TYPE = YES_ERROR;
				GCC_WARN_UNDECLARED_SELECTOR = YES;
				GCC_WARN_UNINITIALIZED_AUTOS = YES_AGGRESSIVE;
				GCC_WARN_UNUSED_FUNCTION = YES;
				GCC_WARN_UNUSED_VARIABLE = YES;
				IPHONEOS_DEPLOYMENT_TARGET = 15.5;
				MTL_ENABLE_DEBUG_INFO = NO;
				MTL_FAST_MATH = YES;
				SDKROOT = iphoneos;
				SWIFT_COMPILATION_MODE = wholemodule;
				SWIFT_OPTIMIZATION_LEVEL = "-O";
				VALIDATE_PRODUCT = YES;
			};
			name = Release;
		};
		76EF1D312853920800D5E2FB /* Debug */ = {
			isa = XCBuildConfiguration;
			buildSettings = {
				ASSETCATALOG_COMPILER_APPICON_NAME = AppIcon;
				ASSETCATALOG_COMPILER_GLOBAL_ACCENT_COLOR_NAME = AccentColor;
				CODE_SIGN_STYLE = Automatic;
				CURRENT_PROJECT_VERSION = 1;
				DEVELOPMENT_TEAM = LFPWH49B88;
				GENERATE_INFOPLIST_FILE = YES;
				INFOPLIST_FILE = "Task iOS/Info.plist";
				INFOPLIST_KEY_UIApplicationSupportsIndirectInputEvents = YES;
				INFOPLIST_KEY_UILaunchStoryboardName = LaunchScreen;
				INFOPLIST_KEY_UIMainStoryboardFile = Main;
				INFOPLIST_KEY_UISupportedInterfaceOrientations_iPad = "UIInterfaceOrientationPortrait UIInterfaceOrientationPortraitUpsideDown UIInterfaceOrientationLandscapeLeft UIInterfaceOrientationLandscapeRight";
				INFOPLIST_KEY_UISupportedInterfaceOrientations_iPhone = "UIInterfaceOrientationPortrait UIInterfaceOrientationLandscapeLeft UIInterfaceOrientationLandscapeRight";
				LD_RUNPATH_SEARCH_PATHS = (
					"$(inherited)",
					"@executable_path/Frameworks",
				);
				MARKETING_VERSION = 1.0;
				PRODUCT_BUNDLE_IDENTIFIER = "com.carelinelive.Task-iOS";
				PRODUCT_NAME = "$(TARGET_NAME)";
				SWIFT_EMIT_LOC_STRINGS = YES;
				SWIFT_VERSION = 5.0;
				TARGETED_DEVICE_FAMILY = "1,2";
			};
			name = Debug;
		};
		76EF1D322853920800D5E2FB /* Release */ = {
			isa = XCBuildConfiguration;
			buildSettings = {
				ASSETCATALOG_COMPILER_APPICON_NAME = AppIcon;
				ASSETCATALOG_COMPILER_GLOBAL_ACCENT_COLOR_NAME = AccentColor;
				CODE_SIGN_STYLE = Automatic;
				CURRENT_PROJECT_VERSION = 1;
				DEVELOPMENT_TEAM = LFPWH49B88;
				GENERATE_INFOPLIST_FILE = YES;
				INFOPLIST_FILE = "Task iOS/Info.plist";
				INFOPLIST_KEY_UIApplicationSupportsIndirectInputEvents = YES;
				INFOPLIST_KEY_UILaunchStoryboardName = LaunchScreen;
				INFOPLIST_KEY_UIMainStoryboardFile = Main;
				INFOPLIST_KEY_UISupportedInterfaceOrientations_iPad = "UIInterfaceOrientationPortrait UIInterfaceOrientationPortraitUpsideDown UIInterfaceOrientationLandscapeLeft UIInterfaceOrientationLandscapeRight";
				INFOPLIST_KEY_UISupportedInterfaceOrientations_iPhone = "UIInterfaceOrientationPortrait UIInterfaceOrientationLandscapeLeft UIInterfaceOrientationLandscapeRight";
				LD_RUNPATH_SEARCH_PATHS = (
					"$(inherited)",
					"@executable_path/Frameworks",
				);
				MARKETING_VERSION = 1.0;
				PRODUCT_BUNDLE_IDENTIFIER = "com.carelinelive.Task-iOS";
				PRODUCT_NAME = "$(TARGET_NAME)";
				SWIFT_EMIT_LOC_STRINGS = YES;
				SWIFT_VERSION = 5.0;
				TARGETED_DEVICE_FAMILY = "1,2";
			};
			name = Release;
		};
/* End XCBuildConfiguration section */

/* Begin XCConfigurationList section */
		76EF1D172853920700D5E2FB /* Build configuration list for PBXProject "Task iOS" */ = {
			isa = XCConfigurationList;
			buildConfigurations = (
				76EF1D2E2853920800D5E2FB /* Debug */,
				76EF1D2F2853920800D5E2FB /* Release */,
			);
			defaultConfigurationIsVisible = 0;
			defaultConfigurationName = Release;
		};
		76EF1D302853920800D5E2FB /* Build configuration list for PBXNativeTarget "Task iOS" */ = {
			isa = XCConfigurationList;
			buildConfigurations = (
				76EF1D312853920800D5E2FB /* Debug */,
				76EF1D322853920800D5E2FB /* Release */,
			);
			defaultConfigurationIsVisible = 0;
			defaultConfigurationName = Release;
		};
/* End XCConfigurationList section */

/* Begin XCRemoteSwiftPackageReference section */
		080159A8285EAABF00B6652D /* XCRemoteSwiftPackageReference "Kingfisher" */ = {
			isa = XCRemoteSwiftPackageReference;
			repositoryURL = "https://github.com/onevcat/Kingfisher";
			requirement = {
				kind = upToNextMajorVersion;
				minimumVersion = 7.0.0;
			};
		};
		080159C0285FE0D700B6652D /* XCRemoteSwiftPackageReference "lottie-ios" */ = {
			isa = XCRemoteSwiftPackageReference;
			repositoryURL = "https://github.com/airbnb/lottie-ios";
			requirement = {
				branch = master;
				kind = branch;
			};
		};
		089A522F285E243F00699224 /* XCRemoteSwiftPackageReference "RxAlamofire" */ = {
			isa = XCRemoteSwiftPackageReference;
			repositoryURL = "https://github.com/RxSwiftCommunity/RxAlamofire";
			requirement = {
				kind = upToNextMajorVersion;
				minimumVersion = 5.0.0;
			};
		};
		089A5232285E249A00699224 /* XCRemoteSwiftPackageReference "realm-swift" */ = {
			isa = XCRemoteSwiftPackageReference;
			repositoryURL = "https://github.com/realm/realm-swift";
			requirement = {
				branch = master;
				kind = branch;
			};
		};
/* End XCRemoteSwiftPackageReference section */

/* Begin XCSwiftPackageProductDependency section */
		080159A9285EAAC000B6652D /* Kingfisher */ = {
			isa = XCSwiftPackageProductDependency;
			package = 080159A8285EAABF00B6652D /* XCRemoteSwiftPackageReference "Kingfisher" */;
			productName = Kingfisher;
		};
		080159C1285FE0D700B6652D /* Lottie */ = {
			isa = XCSwiftPackageProductDependency;
			package = 080159C0285FE0D700B6652D /* XCRemoteSwiftPackageReference "lottie-ios" */;
			productName = Lottie;
		};
		089A5230285E243F00699224 /* RxAlamofire */ = {
			isa = XCSwiftPackageProductDependency;
			package = 089A522F285E243F00699224 /* XCRemoteSwiftPackageReference "RxAlamofire" */;
			productName = RxAlamofire;
		};
		089A5233285E249A00699224 /* RealmSwift */ = {
			isa = XCSwiftPackageProductDependency;
			package = 089A5232285E249A00699224 /* XCRemoteSwiftPackageReference "realm-swift" */;
			productName = RealmSwift;
		};
/* End XCSwiftPackageProductDependency section */
	};
	rootObject = 76EF1D142853920700D5E2FB /* Project object */;
}
